<Solution>
  <Folder Name="/ApiGateway/">
    <Project Path="services/ApiGateway/src/ApiGateway/ApiGateway.csproj" />
  </Folder>
  <Folder Name="/Services/" />
  <Folder Name="/Services/AIService/" />
  <Folder Name="/Services/AuthService/">
    <Project Path="services/AuthService/src/AuthService.Api/AuthService.Api.csproj" />
    <Project Path="services/AuthService/src/AuthService.Application/AuthService.Application.csproj" />
    <Project Path="services/AuthService/src/AuthService.Domain/AuthService.Domain.csproj" />
    <Project Path="services/AuthService/src/AuthService.Infrastructure/AuthService.Infrastructure.csproj" />
    <Project Path="services/AuthService/tests/AuthService.IntegrationTests/AuthService.IntegrationTests.csproj" />
    <Project Path="services/AuthService/tests/AuthService.UnitTests/AuthService.UnitTests.csproj" />
  </Folder>
  <Folder Name="/Services/BatteryService/">
    <Project Path="services/BatteryService/src/BatteryService.Api/BatteryService.Api.csproj" />
    <Project Path="services/BatteryService/src/BatteryService.Application/BatteryService.Application.csproj" />
    <Project Path="services/BatteryService/src/BatteryService.Domain/BatteryService.Domain.csproj" />
    <Project Path="services/BatteryService/src/BatteryService.Infrastructure/BatteryService.Infrastructure.csproj" />
    <Project Path="services/BatteryService/tests/BatteryService.IntegrationTests/BatteryService.IntegrationTests.csproj" />
    <Project Path="services/BatteryService/tests/BatteryService.UnitTests/BatteryService.UnitTests.csproj" />
  </Folder>
  <Folder Name="/Services/EmailService/">
    <Project Path="services/EmailService/src/EmailService.Api/EmailService.Api.csproj" />
    <Project Path="services/EmailService/src/EmailService.Infrastructure/EmailService.Infrastructure.csproj" />
    <Project Path="services/EmailService/tests/EmailService.IntegrationTests/EmailService.IntegrationTests.csproj" />
    <Project Path="services/EmailService/tests/EmailService.UnitTests/EmailService.UnitTests.csproj" />
  </Folder>
  <Folder Name="/Services/FileStorageService/">
    <Project Path="services/FileStorageService/src/FileStorageService.Api/FileStorageService.Api.csproj" />
    <Project Path="services/FileStorageService/src/FileStorageService.Application/FileStorageService.Application.csproj" />
    <Project Path="services/FileStorageService/src/FileStorageService.Domain/FileStorageService.Domain.csproj" />
    <Project Path="services/FileStorageService/src/FileStorageService.Infrastructure/FileStorageService.Infrastructure.csproj" />
    <Project Path="services/FileStorageService/tests/FileStorageService.UnitTests/FileStorageService.UnitTests.csproj" />
  </Folder>
  <Folder Name="/Services/SmsService/">
    <Project Path="services/SmsService/src/SmsService.Api/SmsService.Api.csproj" />
    <Project Path="services/SmsService/src/SmsService.Application/SmsService.Application.csproj" />
    <Project Path="services/SmsService/src/SmsService.Domain/SmsService.Domain.csproj" />
    <Project Path="services/SmsService/src/SmsService.Infrastructure/SmsService.Infrastructure.csproj" />
    <Project Path="services/SmsService/tests/SmsService.IntegrationTests/SmsService.IntegrationTests.csproj" />
    <Project Path="services/SmsService/tests/SmsService.UnitTests/SmsService.UnitTests.csproj" />
  </Folder>
  <Folder Name="/Services/NotificationService/">
    <Project Path="services/NotificationService/src/NotificationService.Api/NotificationService.Api.csproj" />
    <Project Path="services/NotificationService/src/NotificationService.Application/NotificationService.Application.csproj" />
    <Project Path="services/NotificationService/src/NotificationService.Domain/NotificationService.Domain.csproj" />
    <Project Path="services/NotificationService/src/NotificationService.Infrastructure/NotificationService.Infrastructure.csproj" />
    <Project Path="services/NotificationService/tests/NotificationService.UnitTests/NotificationService.UnitTests.csproj" />
  </Folder>
  <Folder Name="/Services/TicketService/">
    <Project Path="services/TicketService/src/TicketService.Infrastructure/TicketService.Infrastructure.csproj" />
    <Project Path="services\TicketService\src\TicketService.Api\TicketService.Api.csproj" />
    <Project Path="services\TicketService\src\TicketService.Application\TicketService.Application.csproj" />
    <Project Path="services\TicketService\src\TicketService.Domain\TicketService.Domain.csproj" />
    <Project Path="services\TicketService\tests\TicketService.IntergrationTests\TicketService.IntergrationTests.csproj" Type="Classic C#" />
    <Project Path="services\TicketService\tests\TicketService.UnitTests\TicketService.UnitTests.csproj" Type="Classic C#" />
  </Folder>
  <Folder Name="/Services/AuditAggregatorService/">
    <Project Path="services/AuditAggregatorService/src/AuditAggregatorService.Api/AuditAggregatorService.Api.csproj" />
    <Project Path="services/AuditAggregatorService/src/AuditAggregatorService.Application/AuditAggregatorService.Application.csproj" />
    <Project Path="services/AuditAggregatorService/src/AuditAggregatorService.Domain/AuditAggregatorService.Domain.csproj" />
    <Project Path="services/AuditAggregatorService/src/AuditAggregatorService.Infrastructure/AuditAggregatorService.Infrastructure.csproj" />
    <Project Path="services/AuditAggregatorService/tests/AuditAggregatorService.IntegrationTests/AuditAggregatorService.IntegrationTests.csproj" />
  </Folder>
  <Folder Name="/Shared/">
    <Project Path="shared/src/SharedContracts/SharedContracts.csproj" />
    <Project Path="shared/src/SharedInfrastructure/SharedInfrastructure.csproj" />
    <Project Path="shared/src/SharedKernels/SharedKernels.csproj" />
    <Project Path="shared/tests/SharedInfrastructure.UnitTests/SharedInfrastructure.UnitTests.csproj" />
  </Folder>
  <Folder Name="/SolutionItems/" />
  <Folder Name="/SolutionItems/Docker/">
    <File Path="docker-compose.yml" />
  </Folder>
  <Folder Name="/SolutionItems/Monitoring/" />
  <Folder Name="/SolutionItems/Monitoring/AlertManager/">
    <File Path="monitoring\alertmanager\config.yml" />
  </Folder>
  <Folder Name="/SolutionItems/Monitoring/Grafana/" />
  <Folder Name="/SolutionItems/Monitoring/Grafana/Dashboards/">
    <File Path="monitoring\grafana\dashboards\infrastructure.json" />
    <File Path="monitoring\grafana\dashboards\logs-overview.json" />
    <File Path="monitoring\grafana\dashboards\messaging-reliability.json" />
    <File Path="monitoring\grafana\dashboards\services-overview.json" />
  </Folder>
  <Folder Name="/SolutionItems/Monitoring/Grafana/Provisioning/" />
  <Folder Name="/SolutionItems/Monitoring/Grafana/Provisioning/Dashboards/">
    <File Path="monitoring\grafana\provisioning\dashboards\dashboards.yml" />
  </Folder>
  <Folder Name="/SolutionItems/Monitoring/Grafana/Provisioning/DataSources/">
    <File Path="monitoring\grafana\provisioning\datasources\prometheus.yml" />
  </Folder>
  <Folder Name="/SolutionItems/Monitoring/Loki/">
    <File Path="monitoring\loki\loki-config.yml" />
  </Folder>
  <Folder Name="/SolutionItems/Monitoring/Prometheus/">
    <File Path="monitoring\prometheus\alert-rules.yml" />
    <File Path="monitoring\prometheus\prometheus.yml" />
  </Folder>
  <Folder Name="/SolutionItems/Monitoring/Promtail/">
    <File Path="monitoring\promtail\promtail-config.yml" />
  </Folder>
  <Folder Name="/SolutionItems/Monitoring/Testing/">
    <File Path="monitoring\README.md" />
    <File Path="monitoring\test-monitoring.sh" />
    <File Path="monitoring\test-scenarios.sh" />
  </Folder>
</Solution>
