<Solution>
  <Project Path="../../shared/src/SharedContracts/SharedContracts.csproj" />
  <Project Path="../../shared/src/SharedInfrastructure/SharedInfrastructure.csproj" />
  <Project Path="../../shared/src/SharedKernels/SharedKernels.csproj" />
  <Project Path="src/FileStorageService.Api/FileStorageService.Api.csproj" />
  <Project Path="src/FileStorageService.Application/FileStorageService.Application.csproj" />
  <Project Path="src/FileStorageService.Domain/FileStorageService.Domain.csproj" />
  <Project Path="src/FileStorageService.Infrastructure/FileStorageService.Infrastructure.csproj" />
  <Project Path="tests/FileStorageService.UnitTests/FileStorageService.UnitTests.csproj" />
</Solution>
